
Microsoft Visual Studio Solution File, Format Version 12.00
# Visual Studio Version 16
VisualStudioVersion = 16.0.30413.136
MinimumVisualStudioVersion = 10.0.40219.1
Project("{8BC9CEB8-8B4A-11D0-8D11-00A0C91BC942}") = "Banking Record System", "Banking Record System.vcxproj", "{9673FB13-DED5-4098-BD6F-EA18DDC201D2}"
EndProject
Global
	GlobalSection(SolutionConfigurationPlatforms) = preSolution
		Debug|x64 = Debug|x64
		Debug|x86 = Debug|x86
		Release|x64 = Release|x64
		Release|x86 = Release|x86
	EndGlobalSection
	GlobalSection(ProjectConfigurationPlatforms) = postSolution
		{9673FB13-DED5-4098-BD6F-EA18DDC201D2}.Debug|x64.ActiveCfg = Debug|x64
		{9673FB13-DED5-4098-BD6F-EA18DDC201D2}.Debug|x64.Build.0 = Debug|x64
		{9673FB13-DED5-4098-BD6F-EA18DDC201D2}.Debug|x86.ActiveCfg = Debug|Win32
		{9673FB13-DED5-4098-BD6F-EA18DDC201D2}.Debug|x86.Build.0 = Debug|Win32
		{9673FB13-DED5-4098-BD6F-EA18DDC201D2}.Release|x64.ActiveCfg = Release|x64
		{9673FB13-DED5-4098-BD6F-EA18DDC201D2}.Release|x64.Build.0 = Release|x64
		{9673FB13-DED5-4098-BD6F-EA18DDC201D2}.Release|x86.ActiveCfg = Release|Win32
		{9673FB13-DED5-4098-BD6F-EA18DDC201D2}.Release|x86.Build.0 = Release|Win32
	EndGlobalSection
	GlobalSection(SolutionProperties) = preSolution
		HideSolutionNode = FALSE
	EndGlobalSection
	GlobalSection(ExtensibilityGlobals) = postSolution
		SolutionGuid = {1B0AAD15-89B9-478E-A7B7-3CA1D8477B67}
	EndGlobalSection
EndGlobal
